// !$*UTF8*$!
{
	archiveVersion = 1;
	classes = {
	};
	objectVersion = 48;
	objects = {

/* Begin PBXBuildFile section */
		54056A691FCF030800CD81BE /* AppDelegate.swift in Sources */ = {isa = PBXBuildFile; fileRef = 54056A681FCF030800CD81BE /* AppDelegate.swift */; };
		54056A6B1FCF030800CD81BE /* ShowsViewController.swift in Sources */ = {isa = PBXBuildFile; fileRef = 54056A6A1FCF030800CD81BE /* ShowsViewController.swift */; };
		54056A6E1FCF030800CD81BE /* Main.storyboard in Resources */ = {isa = PBXBuildFile; fileRef = 54056A6C1FCF030800CD81BE /* Main.storyboard */; };
		54056A701FCF030800CD81BE /* Assets.xcassets in Resources */ = {isa = PBXBuildFile; fileRef = 54056A6F1FCF030800CD81BE /* Assets.xcassets */; };
		54056A731FCF030800CD81BE /* LaunchScreen.storyboard in Resources */ = {isa = PBXBuildFile; fileRef = 54056A711FCF030800CD81BE /* LaunchScreen.storyboard */; };
		817700F61FD47D3E009A1A43 /* EpisodesViewController.swift in Sources */ = {isa = PBXBuildFile; fileRef = 817700F51FD47D3E009A1A43 /* EpisodesViewController.swift */; };
		817700F81FD47D5D009A1A43 /* EpisodeDetailViewController.swift in Sources */ = {isa = PBXBuildFile; fileRef = 817700F71FD47D5D009A1A43 /* EpisodeDetailViewController.swift */; };
		817700FA1FD47EA9009A1A43 /* ShowTableViewCell.swift in Sources */ = {isa = PBXBuildFile; fileRef = 817700F91FD47EA9009A1A43 /* ShowTableViewCell.swift */; };
		817700FC1FD47F2D009A1A43 /* EpisodeTableViewCell.swift in Sources */ = {isa = PBXBuildFile; fileRef = 817700FB1FD47F2D009A1A43 /* EpisodeTableViewCell.swift */; };
		817701011FD4C9DB009A1A43 /* Show.swift in Sources */ = {isa = PBXBuildFile; fileRef = 817701001FD4C9DB009A1A43 /* Show.swift */; };
		817701031FD4D0C9009A1A43 /* Specific Show.swift in Sources */ = {isa = PBXBuildFile; fileRef = 817701021FD4D0C9009A1A43 /* Specific Show.swift */; };
		817701051FD505D4009A1A43 /* Network Helper.swift in Sources */ = {isa = PBXBuildFile; fileRef = 817701041FD505D4009A1A43 /* Network Helper.swift */; };
		817701071FD505FF009A1A43 /* App Error.swift in Sources */ = {isa = PBXBuildFile; fileRef = 817701061FD505FF009A1A43 /* App Error.swift */; };
		817701091FD5063B009A1A43 /* Image API Client.swift in Sources */ = {isa = PBXBuildFile; fileRef = 817701081FD5063B009A1A43 /* Image API Client.swift */; };
		8177010B1FD5088F009A1A43 /* Show API Client.swift in Sources */ = {isa = PBXBuildFile; fileRef = 8177010A1FD5088F009A1A43 /* Show API Client.swift */; };
		81F6257A1FD5AF2400584C14 /* Episode API Client .swift in Sources */ = {isa = PBXBuildFile; fileRef = 81F625791FD5AF2400584C14 /* Episode API Client .swift */; };
/* End PBXBuildFile section */

/* Begin PBXFileReference section */
		54056A651FCF030800CD81BE /* AC-iOS-EpisodesFromOnline-HW.app */ = {isa = PBXFileReference; explicitFileType = wrapper.application; includeInIndex = 0; path = "AC-iOS-EpisodesFromOnline-HW.app"; sourceTree = BUILT_PRODUCTS_DIR; };
		54056A681FCF030800CD81BE /* AppDelegate.swift */ = {isa = PBXFileReference; lastKnownFileType = sourcecode.swift; path = AppDelegate.swift; sourceTree = "<group>"; };
		54056A6A1FCF030800CD81BE /* ShowsViewController.swift */ = {isa = PBXFileReference; lastKnownFileType = sourcecode.swift; path = ShowsViewController.swift; sourceTree = "<group>"; };
		54056A6D1FCF030800CD81BE /* Base */ = {isa = PBXFileReference; lastKnownFileType = file.storyboard; name = Base; path = Base.lproj/Main.storyboard; sourceTree = "<group>"; };
		54056A6F1FCF030800CD81BE /* Assets.xcassets */ = {isa = PBXFileReference; lastKnownFileType = folder.assetcatalog; path = Assets.xcassets; sourceTree = "<group>"; };
		54056A721FCF030800CD81BE /* Base */ = {isa = PBXFileReference; lastKnownFileType = file.storyboard; name = Base; path = Base.lproj/LaunchScreen.storyboard; sourceTree = "<group>"; };
		54056A741FCF030800CD81BE /* Info.plist */ = {isa = PBXFileReference; lastKnownFileType = text.plist.xml; path = Info.plist; sourceTree = "<group>"; };
		817700F51FD47D3E009A1A43 /* EpisodesViewController.swift */ = {isa = PBXFileReference; lastKnownFileType = sourcecode.swift; path = EpisodesViewController.swift; sourceTree = "<group>"; };
		817700F71FD47D5D009A1A43 /* EpisodeDetailViewController.swift */ = {isa = PBXFileReference; lastKnownFileType = sourcecode.swift; path = EpisodeDetailViewController.swift; sourceTree = "<group>"; };
		817700F91FD47EA9009A1A43 /* ShowTableViewCell.swift */ = {isa = PBXFileReference; lastKnownFileType = sourcecode.swift; path = ShowTableViewCell.swift; sourceTree = "<group>"; };
		817700FB1FD47F2D009A1A43 /* EpisodeTableViewCell.swift */ = {isa = PBXFileReference; lastKnownFileType = sourcecode.swift; path = EpisodeTableViewCell.swift; sourceTree = "<group>"; };
		817701001FD4C9DB009A1A43 /* Show.swift */ = {isa = PBXFileReference; lastKnownFileType = sourcecode.swift; path = Show.swift; sourceTree = "<group>"; };
		817701021FD4D0C9009A1A43 /* Specific Show.swift */ = {isa = PBXFileReference; lastKnownFileType = sourcecode.swift; path = "Specific Show.swift"; sourceTree = "<group>"; };
		817701041FD505D4009A1A43 /* Network Helper.swift */ = {isa = PBXFileReference; lastKnownFileType = sourcecode.swift; path = "Network Helper.swift"; sourceTree = "<group>"; };
		817701061FD505FF009A1A43 /* App Error.swift */ = {isa = PBXFileReference; lastKnownFileType = sourcecode.swift; path = "App Error.swift"; sourceTree = "<group>"; };
		817701081FD5063B009A1A43 /* Image API Client.swift */ = {isa = PBXFileReference; lastKnownFileType = sourcecode.swift; path = "Image API Client.swift"; sourceTree = "<group>"; };
		8177010A1FD5088F009A1A43 /* Show API Client.swift */ = {isa = PBXFileReference; lastKnownFileType = sourcecode.swift; path = "Show API Client.swift"; sourceTree = "<group>"; };
		81F625791FD5AF2400584C14 /* Episode API Client .swift */ = {isa = PBXFileReference; lastKnownFileType = sourcecode.swift; path = "Episode API Client .swift"; sourceTree = "<group>"; };
/* End PBXFileReference section */

/* Begin PBXFrameworksBuildPhase section */
		54056A621FCF030800CD81BE /* Frameworks */ = {
			isa = PBXFrameworksBuildPhase;
			buildActionMask = 2147483647;
			files = (
			);
			runOnlyForDeploymentPostprocessing = 0;
		};
/* End PBXFrameworksBuildPhase section */

/* Begin PBXGroup section */
		54056A5C1FCF030800CD81BE = {
			isa = PBXGroup;
			children = (
				54056A671FCF030800CD81BE /* AC-iOS-EpisodesFromOnline-HW */,
				54056A661FCF030800CD81BE /* Products */,
			);
			sourceTree = "<group>";
		};
		54056A661FCF030800CD81BE /* Products */ = {
			isa = PBXGroup;
			children = (
				54056A651FCF030800CD81BE /* AC-iOS-EpisodesFromOnline-HW.app */,
			);
			name = Products;
			sourceTree = "<group>";
		};
		54056A671FCF030800CD81BE /* AC-iOS-EpisodesFromOnline-HW */ = {
			isa = PBXGroup;
			children = (
				54056A6C1FCF030800CD81BE /* Main.storyboard */,
				81F870721FD62E9A000630F0 /* Models */,
				817700FE1FD47FD6009A1A43 /* View Controllers */,
				817700FD1FD47FBF009A1A43 /* Custom Cells */,
				54056A741FCF030800CD81BE /* Info.plist */,
				817700FF1FD47FEF009A1A43 /* supporting */,
			);
			path = "AC-iOS-EpisodesFromOnline-HW";
			sourceTree = "<group>";
		};
		817700FD1FD47FBF009A1A43 /* Custom Cells */ = {
			isa = PBXGroup;
			children = (
				817700F91FD47EA9009A1A43 /* ShowTableViewCell.swift */,
				817700FB1FD47F2D009A1A43 /* EpisodeTableViewCell.swift */,
			);
			path = "Custom Cells";
			sourceTree = "<group>";
		};
		817700FE1FD47FD6009A1A43 /* View Controllers */ = {
			isa = PBXGroup;
			children = (
				54056A6A1FCF030800CD81BE /* ShowsViewController.swift */,
				817700F51FD47D3E009A1A43 /* EpisodesViewController.swift */,
				817700F71FD47D5D009A1A43 /* EpisodeDetailViewController.swift */,
			);
			path = "View Controllers";
			sourceTree = "<group>";
		};
		817700FF1FD47FEF009A1A43 /* supporting */ = {
			isa = PBXGroup;
			children = (
				54056A681FCF030800CD81BE /* AppDelegate.swift */,
				54056A6F1FCF030800CD81BE /* Assets.xcassets */,
				54056A711FCF030800CD81BE /* LaunchScreen.storyboard */,
			);
			path = supporting;
			sourceTree = "<group>";
		};
		81F870721FD62E9A000630F0 /* Models */ = {
			isa = PBXGroup;
			children = (
				817701001FD4C9DB009A1A43 /* Show.swift */,
				81F625791FD5AF2400584C14 /* Episode API Client .swift */,
				817701021FD4D0C9009A1A43 /* Specific Show.swift */,
				8177010A1FD5088F009A1A43 /* Show API Client.swift */,
				817701041FD505D4009A1A43 /* Network Helper.swift */,
				817701081FD5063B009A1A43 /* Image API Client.swift */,
				817701061FD505FF009A1A43 /* App Error.swift */,
			);
			path = Models;
			sourceTree = "<group>";
		};
/* End PBXGroup section */

/* Begin PBXNativeTarget section */
		54056A641FCF030800CD81BE /* AC-iOS-EpisodesFromOnline-HW */ = {
			isa = PBXNativeTarget;
			buildConfigurationList = 54056A771FCF030800CD81BE /* Build configuration list for PBXNativeTarget "AC-iOS-EpisodesFromOnline-HW" */;
			buildPhases = (
				54056A611FCF030800CD81BE /* Sources */,
				54056A621FCF030800CD81BE /* Frameworks */,
				54056A631FCF030800CD81BE /* Resources */,
			);
			buildRules = (
			);
			dependencies = (
			);
			name = "AC-iOS-EpisodesFromOnline-HW";
			productName = "AC-iOS-EpisodesFromOnline-HW";
			productReference = 54056A651FCF030800CD81BE /* AC-iOS-EpisodesFromOnline-HW.app */;
			productType = "com.apple.product-type.application";
		};
/* End PBXNativeTarget section */

/* Begin PBXProject section */
		54056A5D1FCF030800CD81BE /* Project object */ = {
			isa = PBXProject;
			attributes = {
				LastSwiftUpdateCheck = 0900;
				LastUpgradeCheck = 0900;
				ORGANIZATIONNAME = "C4Q ";
				TargetAttributes = {
					54056A641FCF030800CD81BE = {
						CreatedOnToolsVersion = 9.0;
						ProvisioningStyle = Automatic;
					};
				};
			};
			buildConfigurationList = 54056A601FCF030800CD81BE /* Build configuration list for PBXProject "AC-iOS-EpisodesFromOnline-HW" */;
			compatibilityVersion = "Xcode 8.0";
			developmentRegion = en;
			hasScannedForEncodings = 0;
			knownRegions = (
				en,
				Base,
			);
			mainGroup = 54056A5C1FCF030800CD81BE;
			productRefGroup = 54056A661FCF030800CD81BE /* Products */;
			projectDirPath = "";
			projectRoot = "";
			targets = (
				54056A641FCF030800CD81BE /* AC-iOS-EpisodesFromOnline-HW */,
			);
		};
/* End PBXProject section */

/* Begin PBXResourcesBuildPhase section */
		54056A631FCF030800CD81BE /* Resources */ = {
			isa = PBXResourcesBuildPhase;
			buildActionMask = 2147483647;
			files = (
				54056A731FCF030800CD81BE /* LaunchScreen.storyboard in Resources */,
				54056A701FCF030800CD81BE /* Assets.xcassets in Resources */,
				54056A6E1FCF030800CD81BE /* Main.storyboard in Resources */,
			);
			runOnlyForDeploymentPostprocessing = 0;
		};
/* End PBXResourcesBuildPhase section */

/* Begin PBXSourcesBuildPhase section */
		54056A611FCF030800CD81BE /* Sources */ = {
			isa = PBXSourcesBuildPhase;
			buildActionMask = 2147483647;
			files = (
				817700F61FD47D3E009A1A43 /* EpisodesViewController.swift in Sources */,
				817701071FD505FF009A1A43 /* App Error.swift in Sources */,
				817700F81FD47D5D009A1A43 /* EpisodeDetailViewController.swift in Sources */,
				54056A6B1FCF030800CD81BE /* ShowsViewController.swift in Sources */,
				817700FC1FD47F2D009A1A43 /* EpisodeTableViewCell.swift in Sources */,
				817701011FD4C9DB009A1A43 /* Show.swift in Sources */,
				8177010B1FD5088F009A1A43 /* Show API Client.swift in Sources */,
				817701031FD4D0C9009A1A43 /* Specific Show.swift in Sources */,
				817701091FD5063B009A1A43 /* Image API Client.swift in Sources */,
				817700FA1FD47EA9009A1A43 /* ShowTableViewCell.swift in Sources */,
				817701051FD505D4009A1A43 /* Network Helper.swift in Sources */,
				81F6257A1FD5AF2400584C14 /* Episode API Client .swift in Sources */,
				54056A691FCF030800CD81BE /* AppDelegate.swift in Sources */,
			);
			runOnlyForDeploymentPostprocessing = 0;
		};
/* End PBXSourcesBuildPhase section */

/* Begin PBXVariantGroup section */
		54056A6C1FCF030800CD81BE /* Main.storyboard */ = {
			isa = PBXVariantGroup;
			children = (
				54056A6D1FCF030800CD81BE /* Base */,
			);
			name = Main.storyboard;
			sourceTree = "<group>";
		};
		54056A711FCF030800CD81BE /* LaunchScreen.storyboard */ = {
			isa = PBXVariantGroup;
			children = (
				54056A721FCF030800CD81BE /* Base */,
			);
			name = LaunchScreen.storyboard;
			sourceTree = "<group>";
		};
/* End PBXVariantGroup section */

/* Begin XCBuildConfiguration section */
		54056A751FCF030800CD81BE /* Debug */ = {
			isa = XCBuildConfiguration;
			buildSettings = {
				ALWAYS_SEARCH_USER_PATHS = NO;
				CLANG_ANALYZER_NONNULL = YES;
				CLANG_ANALYZER_NUMBER_OBJECT_CONVERSION = YES_AGGRESSIVE;
				CLANG_CXX_LANGUAGE_STANDARD = "gnu++14";
				CLANG_CXX_LIBRARY = "libc++";
				CLANG_ENABLE_MODULES = YES;
				CLANG_ENABLE_OBJC_ARC = YES;
				CLANG_WARN_BLOCK_CAPTURE_AUTORELEASING = YES;
				CLANG_WARN_BOOL_CONVERSION = YES;
				CLANG_WARN_COMMA = YES;
				CLANG_WARN_CONSTANT_CONVERSION = YES;
				CLANG_WARN_DIRECT_OBJC_ISA_USAGE = YES_ERROR;
				CLANG_WARN_DOCUMENTATION_COMMENTS = YES;
				CLANG_WARN_EMPTY_BODY = YES;
				CLANG_WARN_ENUM_CONVERSION = YES;
				CLANG_WARN_INFINITE_RECURSION = YES;
				CLANG_WARN_INT_CONVERSION = YES;
				CLANG_WARN_NON_LITERAL_NULL_CONVERSION = YES;
				CLANG_WARN_OBJC_LITERAL_CONVERSION = YES;
				CLANG_WARN_OBJC_ROOT_CLASS = YES_ERROR;
				CLANG_WARN_RANGE_LOOP_ANALYSIS = YES;
				CLANG_WARN_STRICT_PROTOTYPES = YES;
				CLANG_WARN_SUSPICIOUS_MOVE = YES;
				CLANG_WARN_UNGUARDED_AVAILABILITY = YES_AGGRESSIVE;
				CLANG_WARN_UNREACHABLE_CODE = YES;
				CLANG_WARN__DUPLICATE_METHOD_MATCH = YES;
				CODE_SIGN_IDENTITY = "iPhone Developer";
				COPY_PHASE_STRIP = NO;
				DEBUG_INFORMATION_FORMAT = dwarf;
				ENABLE_STRICT_OBJC_MSGSEND = YES;
				ENABLE_TESTABILITY = YES;
				GCC_C_LANGUAGE_STANDARD = gnu11;
				GCC_DYNAMIC_NO_PIC = NO;
				GCC_NO_COMMON_BLOCKS = YES;
				GCC_OPTIMIZATION_LEVEL = 0;
				GCC_PREPROCESSOR_DEFINITIONS = (
					"DEBUG=1",
					"$(inherited)",
				);
				GCC_WARN_64_TO_32_BIT_CONVERSION = YES;
				GCC_WARN_ABOUT_RETURN_TYPE = YES_ERROR;
				GCC_WARN_UNDECLARED_SELECTOR = YES;
				GCC_WARN_UNINITIALIZED_AUTOS = YES_AGGRESSIVE;
				GCC_WARN_UNUSED_FUNCTION = YES;
				GCC_WARN_UNUSED_VARIABLE = YES;
				IPHONEOS_DEPLOYMENT_TARGET = 11.0;
				MTL_ENABLE_DEBUG_INFO = YES;
				ONLY_ACTIVE_ARCH = YES;
				SDKROOT = iphoneos;
				SWIFT_ACTIVE_COMPILATION_CONDITIONS = DEBUG;
				SWIFT_OPTIMIZATION_LEVEL = "-Onone";
			};
			name = Debug;
		};
		54056A761FCF030800CD81BE /* Release */ = {
			isa = XCBuildConfiguration;
			buildSettings = {
				ALWAYS_SEARCH_USER_PATHS = NO;
				CLANG_ANALYZER_NONNULL = YES;
				CLANG_ANALYZER_NUMBER_OBJECT_CONVERSION = YES_AGGRESSIVE;
				CLANG_CXX_LANGUAGE_STANDARD = "gnu++14";
				CLANG_CXX_LIBRARY = "libc++";
				CLANG_ENABLE_MODULES = YES;
				CLANG_ENABLE_OBJC_ARC = YES;
				CLANG_WARN_BLOCK_CAPTURE_AUTORELEASING = YES;
				CLANG_WARN_BOOL_CONVERSION = YES;
				CLANG_WARN_COMMA = YES;
				CLANG_WARN_CONSTANT_CONVERSION = YES;
				CLANG_WARN_DIRECT_OBJC_ISA_USAGE = YES_ERROR;
				CLANG_WARN_DOCUMENTATION_COMMENTS = YES;
				CLANG_WARN_EMPTY_BODY = YES;
				CLANG_WARN_ENUM_CONVERSION = YES;
				CLANG_WARN_INFINITE_RECURSION = YES;
				CLANG_WARN_INT_CONVERSION = YES;
				CLANG_WARN_NON_LITERAL_NULL_CONVERSION = YES;
				CLANG_WARN_OBJC_LITERAL_CONVERSION = YES;
				CLANG_WARN_OBJC_ROOT_CLASS = YES_ERROR;
				CLANG_WARN_RANGE_LOOP_ANALYSIS = YES;
				CLANG_WARN_STRICT_PROTOTYPES = YES;
				CLANG_WARN_SUSPICIOUS_MOVE = YES;
				CLANG_WARN_UNGUARDED_AVAILABILITY = YES_AGGRESSIVE;
				CLANG_WARN_UNREACHABLE_CODE = YES;
				CLANG_WARN__DUPLICATE_METHOD_MATCH = YES;
				CODE_SIGN_IDENTITY = "iPhone Developer";
				COPY_PHASE_STRIP = NO;
				DEBUG_INFORMATION_FORMAT = "dwarf-with-dsym";
				ENABLE_NS_ASSERTIONS = NO;
				ENABLE_STRICT_OBJC_MSGSEND = YES;
				GCC_C_LANGUAGE_STANDARD = gnu11;
				GCC_NO_COMMON_BLOCKS = YES;
				GCC_WARN_64_TO_32_BIT_CONVERSION = YES;
				GCC_WARN_ABOUT_RETURN_TYPE = YES_ERROR;
				GCC_WARN_UNDECLARED_SELECTOR = YES;
				GCC_WARN_UNINITIALIZED_AUTOS = YES_AGGRESSIVE;
				GCC_WARN_UNUSED_FUNCTION = YES;
				GCC_WARN_UNUSED_VARIABLE = YES;
				IPHONEOS_DEPLOYMENT_TARGET = 11.0;
				MTL_ENABLE_DEBUG_INFO = NO;
				SDKROOT = iphoneos;
				SWIFT_OPTIMIZATION_LEVEL = "-Owholemodule";
				VALIDATE_PRODUCT = YES;
			};
			name = Release;
		};
		54056A781FCF030800CD81BE /* Debug */ = {
			isa = XCBuildConfiguration;
			buildSettings = {
				ASSETCATALOG_COMPILER_APPICON_NAME = AppIcon;
				CODE_SIGN_STYLE = Automatic;
				INFOPLIST_FILE = "AC-iOS-EpisodesFromOnline-HW/Info.plist";
				LD_RUNPATH_SEARCH_PATHS = "$(inherited) @executable_path/Frameworks";
				PRODUCT_BUNDLE_IDENTIFIER = "c4q.AC-iOS-EpisodesFromOnline-HW";
				PRODUCT_NAME = "$(TARGET_NAME)";
				SWIFT_VERSION = 4.0;
				TARGETED_DEVICE_FAMILY = "1,2";
			};
			name = Debug;
		};
		54056A791FCF030800CD81BE /* Release */ = {
			isa = XCBuildConfiguration;
			buildSettings = {
				ASSETCATALOG_COMPILER_APPICON_NAME = AppIcon;
				CODE_SIGN_STYLE = Automatic;
				INFOPLIST_FILE = "AC-iOS-EpisodesFromOnline-HW/Info.plist";
				LD_RUNPATH_SEARCH_PATHS = "$(inherited) @executable_path/Frameworks";
				PRODUCT_BUNDLE_IDENTIFIER = "c4q.AC-iOS-EpisodesFromOnline-HW";
				PRODUCT_NAME = "$(TARGET_NAME)";
				SWIFT_VERSION = 4.0;
				TARGETED_DEVICE_FAMILY = "1,2";
			};
			name = Release;
		};
/* End XCBuildConfiguration section */

/* Begin XCConfigurationList section */
		54056A601FCF030800CD81BE /* Build configuration list for PBXProject "AC-iOS-EpisodesFromOnline-HW" */ = {
			isa = XCConfigurationList;
			buildConfigurations = (
				54056A751FCF030800CD81BE /* Debug */,
				54056A761FCF030800CD81BE /* Release */,
			);
			defaultConfigurationIsVisible = 0;
			defaultConfigurationName = Release;
		};
		54056A771FCF030800CD81BE /* Build configuration list for PBXNativeTarget "AC-iOS-EpisodesFromOnline-HW" */ = {
			isa = XCConfigurationList;
			buildConfigurations = (
				54056A781FCF030800CD81BE /* Debug */,
				54056A791FCF030800CD81BE /* Release */,
			);
			defaultConfigurationIsVisible = 0;
			defaultConfigurationName = Release;
		};
/* End XCConfigurationList section */
	};
	rootObject = 54056A5D1FCF030800CD81BE /* Project object */;
}
