// !$*UTF8*$!
{
	archiveVersion = 1;
	classes = {
	};
	objectVersion = 48;
	objects = {

/* Begin PBXBuildFile section */
		54056A691FCF030800CD81BE /* AppDelegate.swift in Sources */ = {isa = PBXBuildFile; fileRef = 54056A681FCF030800CD81BE /* AppDelegate.swift */; };
		54056A6E1FCF030800CD81BE /* Main.storyboard in Resources */ = {isa = PBXBuildFile; fileRef = 54056A6C1FCF030800CD81BE /* Main.storyboard */; };
		54056A701FCF030800CD81BE /* Assets.xcassets in Resources */ = {isa = PBXBuildFile; fileRef = 54056A6F1FCF030800CD81BE /* Assets.xcassets */; };
		54056A731FCF030800CD81BE /* LaunchScreen.storyboard in Resources */ = {isa = PBXBuildFile; fileRef = 54056A711FCF030800CD81BE /* LaunchScreen.storyboard */; };
		81AFE61C1FD71A17003687F5 /* TODO.swift in Sources */ = {isa = PBXBuildFile; fileRef = 81AFE61B1FD71A17003687F5 /* TODO.swift */; };
		81FC45EB1FD10EC400D5B3E9 /* TVShowViewController.swift in Sources */ = {isa = PBXBuildFile; fileRef = 81FC45EA1FD10EC400D5B3E9 /* TVShowViewController.swift */; };
		81FC45ED1FD10ED200D5B3E9 /* EpisodesViewController.swift in Sources */ = {isa = PBXBuildFile; fileRef = 81FC45EC1FD10ED200D5B3E9 /* EpisodesViewController.swift */; };
		81FC45EF1FD10EE300D5B3E9 /* DetailEpisodeViewController.swift in Sources */ = {isa = PBXBuildFile; fileRef = 81FC45EE1FD10EE300D5B3E9 /* DetailEpisodeViewController.swift */; };
		81FC45F11FD10EF000D5B3E9 /* NetworkHelper.swift in Sources */ = {isa = PBXBuildFile; fileRef = 81FC45F01FD10EF000D5B3E9 /* NetworkHelper.swift */; };
		81FC45F31FD10EFD00D5B3E9 /* HandlingAppErrors.swift in Sources */ = {isa = PBXBuildFile; fileRef = 81FC45F21FD10EFD00D5B3E9 /* HandlingAppErrors.swift */; };
		81FC45F51FD10F0B00D5B3E9 /* TVShowsModel.swift in Sources */ = {isa = PBXBuildFile; fileRef = 81FC45F41FD10F0B00D5B3E9 /* TVShowsModel.swift */; };
		81FC45F91FD10F4000D5B3E9 /* TVShowAPIClient.swift in Sources */ = {isa = PBXBuildFile; fileRef = 81FC45F81FD10F4000D5B3E9 /* TVShowAPIClient.swift */; };
		81FC45FB1FD10F4B00D5B3E9 /* ImageAPI.swift in Sources */ = {isa = PBXBuildFile; fileRef = 81FC45FA1FD10F4B00D5B3E9 /* ImageAPI.swift */; };
		81FC46011FD1AB5800D5B3E9 /* EpisodesModel.swift in Sources */ = {isa = PBXBuildFile; fileRef = 81FC46001FD1AB5800D5B3E9 /* EpisodesModel.swift */; };
		81FC46431FD36FB800D5B3E9 /* TVShowTableViewCell.swift in Sources */ = {isa = PBXBuildFile; fileRef = 81FC46421FD36FB800D5B3E9 /* TVShowTableViewCell.swift */; };
		81FC46451FD3707400D5B3E9 /* EpisodesTableViewCell.swift in Sources */ = {isa = PBXBuildFile; fileRef = 81FC46441FD3707400D5B3E9 /* EpisodesTableViewCell.swift */; };
		81FC46481FD4B1FC00D5B3E9 /* EpisodeAPIClient.swift in Sources */ = {isa = PBXBuildFile; fileRef = 81FC46471FD4B1FC00D5B3E9 /* EpisodeAPIClient.swift */; };
/* End PBXBuildFile section */

/* Begin PBXFileReference section */
		54056A651FCF030800CD81BE /* AC-iOS-EpisodesFromOnline-HW.app */ = {isa = PBXFileReference; explicitFileType = wrapper.application; includeInIndex = 0; path = "AC-iOS-EpisodesFromOnline-HW.app"; sourceTree = BUILT_PRODUCTS_DIR; };
		54056A681FCF030800CD81BE /* AppDelegate.swift */ = {isa = PBXFileReference; lastKnownFileType = sourcecode.swift; path = AppDelegate.swift; sourceTree = "<group>"; };
		54056A6D1FCF030800CD81BE /* Base */ = {isa = PBXFileReference; lastKnownFileType = file.storyboard; name = Base; path = Base.lproj/Main.storyboard; sourceTree = "<group>"; };
		54056A6F1FCF030800CD81BE /* Assets.xcassets */ = {isa = PBXFileReference; lastKnownFileType = folder.assetcatalog; path = Assets.xcassets; sourceTree = "<group>"; };
		54056A721FCF030800CD81BE /* Base */ = {isa = PBXFileReference; lastKnownFileType = file.storyboard; name = Base; path = Base.lproj/LaunchScreen.storyboard; sourceTree = "<group>"; };
		54056A741FCF030800CD81BE /* Info.plist */ = {isa = PBXFileReference; lastKnownFileType = text.plist.xml; path = Info.plist; sourceTree = "<group>"; };
		81AFE61B1FD71A17003687F5 /* TODO.swift */ = {isa = PBXFileReference; lastKnownFileType = sourcecode.swift; path = TODO.swift; sourceTree = "<group>"; };
		81FC45EA1FD10EC400D5B3E9 /* TVShowViewController.swift */ = {isa = PBXFileReference; lastKnownFileType = sourcecode.swift; path = TVShowViewController.swift; sourceTree = "<group>"; };
		81FC45EC1FD10ED200D5B3E9 /* EpisodesViewController.swift */ = {isa = PBXFileReference; lastKnownFileType = sourcecode.swift; path = EpisodesViewController.swift; sourceTree = "<group>"; };
		81FC45EE1FD10EE300D5B3E9 /* DetailEpisodeViewController.swift */ = {isa = PBXFileReference; lastKnownFileType = sourcecode.swift; path = DetailEpisodeViewController.swift; sourceTree = "<group>"; };
		81FC45F01FD10EF000D5B3E9 /* NetworkHelper.swift */ = {isa = PBXFileReference; lastKnownFileType = sourcecode.swift; path = NetworkHelper.swift; sourceTree = "<group>"; };
		81FC45F21FD10EFD00D5B3E9 /* HandlingAppErrors.swift */ = {isa = PBXFileReference; lastKnownFileType = sourcecode.swift; path = HandlingAppErrors.swift; sourceTree = "<group>"; };
		81FC45F41FD10F0B00D5B3E9 /* TVShowsModel.swift */ = {isa = PBXFileReference; lastKnownFileType = sourcecode.swift; path = TVShowsModel.swift; sourceTree = "<group>"; };
		81FC45F81FD10F4000D5B3E9 /* TVShowAPIClient.swift */ = {isa = PBXFileReference; lastKnownFileType = sourcecode.swift; path = TVShowAPIClient.swift; sourceTree = "<group>"; };
		81FC45FA1FD10F4B00D5B3E9 /* ImageAPI.swift */ = {isa = PBXFileReference; lastKnownFileType = sourcecode.swift; path = ImageAPI.swift; sourceTree = "<group>"; };
		81FC46001FD1AB5800D5B3E9 /* EpisodesModel.swift */ = {isa = PBXFileReference; lastKnownFileType = sourcecode.swift; path = EpisodesModel.swift; sourceTree = "<group>"; };
		81FC46421FD36FB800D5B3E9 /* TVShowTableViewCell.swift */ = {isa = PBXFileReference; lastKnownFileType = sourcecode.swift; path = TVShowTableViewCell.swift; sourceTree = "<group>"; };
		81FC46441FD3707400D5B3E9 /* EpisodesTableViewCell.swift */ = {isa = PBXFileReference; lastKnownFileType = sourcecode.swift; path = EpisodesTableViewCell.swift; sourceTree = "<group>"; };
		81FC46471FD4B1FC00D5B3E9 /* EpisodeAPIClient.swift */ = {isa = PBXFileReference; lastKnownFileType = sourcecode.swift; name = EpisodeAPIClient.swift; path = "AC-iOS-EpisodesFromOnline-HW/API Clients/EpisodeAPIClient.swift"; sourceTree = SOURCE_ROOT; };
/* End PBXFileReference section */

/* Begin PBXFrameworksBuildPhase section */
		54056A621FCF030800CD81BE /* Frameworks */ = {
			isa = PBXFrameworksBuildPhase;
			buildActionMask = 2147483647;
			files = (
			);
			runOnlyForDeploymentPostprocessing = 0;
		};
/* End PBXFrameworksBuildPhase section */

/* Begin PBXGroup section */
		54056A5C1FCF030800CD81BE = {
			isa = PBXGroup;
			children = (
				54056A671FCF030800CD81BE /* AC-iOS-EpisodesFromOnline-HW */,
				54056A661FCF030800CD81BE /* Products */,
			);
			sourceTree = "<group>";
		};
		54056A661FCF030800CD81BE /* Products */ = {
			isa = PBXGroup;
			children = (
				54056A651FCF030800CD81BE /* AC-iOS-EpisodesFromOnline-HW.app */,
			);
			name = Products;
			sourceTree = "<group>";
		};
		54056A671FCF030800CD81BE /* AC-iOS-EpisodesFromOnline-HW */ = {
			isa = PBXGroup;
			children = (
				81FC45FD1FD10F8400D5B3E9 /* View Controllers */,
				81FC45FE1FD10F9200D5B3E9 /* Models */,
				81FC45FC1FD10F7000D5B3E9 /* API Clients */,
				81FC45FF1FD10F9F00D5B3E9 /* Supporting Files */,
				54056A741FCF030800CD81BE /* Info.plist */,
			);
			path = "AC-iOS-EpisodesFromOnline-HW";
			sourceTree = "<group>";
		};
		81FC45FC1FD10F7000D5B3E9 /* API Clients */ = {
			isa = PBXGroup;
			children = (
				81FC45F81FD10F4000D5B3E9 /* TVShowAPIClient.swift */,
				81FC46471FD4B1FC00D5B3E9 /* EpisodeAPIClient.swift */,
				81FC45FA1FD10F4B00D5B3E9 /* ImageAPI.swift */,
			);
			path = "API Clients";
			sourceTree = "<group>";
		};
		81FC45FD1FD10F8400D5B3E9 /* View Controllers */ = {
			isa = PBXGroup;
			children = (
				81AFE61B1FD71A17003687F5 /* TODO.swift */,
				81FC45EA1FD10EC400D5B3E9 /* TVShowViewController.swift */,
				81FC45EC1FD10ED200D5B3E9 /* EpisodesViewController.swift */,
				81FC45EE1FD10EE300D5B3E9 /* DetailEpisodeViewController.swift */,
				81FC46421FD36FB800D5B3E9 /* TVShowTableViewCell.swift */,
				81FC46441FD3707400D5B3E9 /* EpisodesTableViewCell.swift */,
			);
			path = "View Controllers";
			sourceTree = "<group>";
		};
		81FC45FE1FD10F9200D5B3E9 /* Models */ = {
			isa = PBXGroup;
			children = (
				81FC45F01FD10EF000D5B3E9 /* NetworkHelper.swift */,
				81FC45F21FD10EFD00D5B3E9 /* HandlingAppErrors.swift */,
				81FC45F41FD10F0B00D5B3E9 /* TVShowsModel.swift */,
				81FC46001FD1AB5800D5B3E9 /* EpisodesModel.swift */,
			);
			path = Models;
			sourceTree = "<group>";
		};
		81FC45FF1FD10F9F00D5B3E9 /* Supporting Files */ = {
			isa = PBXGroup;
			children = (
				54056A681FCF030800CD81BE /* AppDelegate.swift */,
				54056A6C1FCF030800CD81BE /* Main.storyboard */,
				54056A6F1FCF030800CD81BE /* Assets.xcassets */,
				54056A711FCF030800CD81BE /* LaunchScreen.storyboard */,
			);
			path = "Supporting Files";
			sourceTree = "<group>";
		};
/* End PBXGroup section */

/* Begin PBXNativeTarget section */
		54056A641FCF030800CD81BE /* AC-iOS-EpisodesFromOnline-HW */ = {
			isa = PBXNativeTarget;
			buildConfigurationList = 54056A771FCF030800CD81BE /* Build configuration list for PBXNativeTarget "AC-iOS-EpisodesFromOnline-HW" */;
			buildPhases = (
				54056A611FCF030800CD81BE /* Sources */,
				54056A621FCF030800CD81BE /* Frameworks */,
				54056A631FCF030800CD81BE /* Resources */,
			);
			buildRules = (
			);
			dependencies = (
			);
			name = "AC-iOS-EpisodesFromOnline-HW";
			productName = "AC-iOS-EpisodesFromOnline-HW";
			productReference = 54056A651FCF030800CD81BE /* AC-iOS-EpisodesFromOnline-HW.app */;
			productType = "com.apple.product-type.application";
		};
/* End PBXNativeTarget section */

/* Begin PBXProject section */
		54056A5D1FCF030800CD81BE /* Project object */ = {
			isa = PBXProject;
			attributes = {
				LastSwiftUpdateCheck = 0900;
				LastUpgradeCheck = 0900;
				ORGANIZATIONNAME = "C4Q ";
				TargetAttributes = {
					54056A641FCF030800CD81BE = {
						CreatedOnToolsVersion = 9.0;
						ProvisioningStyle = Automatic;
					};
				};
			};
			buildConfigurationList = 54056A601FCF030800CD81BE /* Build configuration list for PBXProject "AC-iOS-EpisodesFromOnline-HW" */;
			compatibilityVersion = "Xcode 8.0";
			developmentRegion = en;
			hasScannedForEncodings = 0;
			knownRegions = (
				en,
				Base,
			);
			mainGroup = 54056A5C1FCF030800CD81BE;
			productRefGroup = 54056A661FCF030800CD81BE /* Products */;
			projectDirPath = "";
			projectRoot = "";
			targets = (
				54056A641FCF030800CD81BE /* AC-iOS-EpisodesFromOnline-HW */,
			);
		};
/* End PBXProject section */

/* Begin PBXResourcesBuildPhase section */
		54056A631FCF030800CD81BE /* Resources */ = {
			isa = PBXResourcesBuildPhase;
			buildActionMask = 2147483647;
			files = (
				54056A731FCF030800CD81BE /* LaunchScreen.storyboard in Resources */,
				54056A701FCF030800CD81BE /* Assets.xcassets in Resources */,
				54056A6E1FCF030800CD81BE /* Main.storyboard in Resources */,
			);
			runOnlyForDeploymentPostprocessing = 0;
		};
/* End PBXResourcesBuildPhase section */

/* Begin PBXSourcesBuildPhase section */
		54056A611FCF030800CD81BE /* Sources */ = {
			isa = PBXSourcesBuildPhase;
			buildActionMask = 2147483647;
			files = (
				81FC45ED1FD10ED200D5B3E9 /* EpisodesViewController.swift in Sources */,
				81FC46451FD3707400D5B3E9 /* EpisodesTableViewCell.swift in Sources */,
				81FC45F51FD10F0B00D5B3E9 /* TVShowsModel.swift in Sources */,
				81AFE61C1FD71A17003687F5 /* TODO.swift in Sources */,
				81FC45F31FD10EFD00D5B3E9 /* HandlingAppErrors.swift in Sources */,
				81FC46011FD1AB5800D5B3E9 /* EpisodesModel.swift in Sources */,
				81FC46431FD36FB800D5B3E9 /* TVShowTableViewCell.swift in Sources */,
				81FC45EF1FD10EE300D5B3E9 /* DetailEpisodeViewController.swift in Sources */,
				81FC45FB1FD10F4B00D5B3E9 /* ImageAPI.swift in Sources */,
				81FC45F91FD10F4000D5B3E9 /* TVShowAPIClient.swift in Sources */,
				81FC45F11FD10EF000D5B3E9 /* NetworkHelper.swift in Sources */,
				54056A691FCF030800CD81BE /* AppDelegate.swift in Sources */,
				81FC45EB1FD10EC400D5B3E9 /* TVShowViewController.swift in Sources */,
				81FC46481FD4B1FC00D5B3E9 /* EpisodeAPIClient.swift in Sources */,
			);
			runOnlyForDeploymentPostprocessing = 0;
		};
/* End PBXSourcesBuildPhase section */

/* Begin PBXVariantGroup section */
		54056A6C1FCF030800CD81BE /* Main.storyboard */ = {
			isa = PBXVariantGroup;
			children = (
				54056A6D1FCF030800CD81BE /* Base */,
			);
			name = Main.storyboard;
			sourceTree = "<group>";
		};
		54056A711FCF030800CD81BE /* LaunchScreen.storyboard */ = {
			isa = PBXVariantGroup;
			children = (
				54056A721FCF030800CD81BE /* Base */,
			);
			name = LaunchScreen.storyboard;
			sourceTree = "<group>";
		};
/* End PBXVariantGroup section */

/* Begin XCBuildConfiguration section */
		54056A751FCF030800CD81BE /* Debug */ = {
			isa = XCBuildConfiguration;
			buildSettings = {
				ALWAYS_SEARCH_USER_PATHS = NO;
				CLANG_ANALYZER_NONNULL = YES;
				CLANG_ANALYZER_NUMBER_OBJECT_CONVERSION = YES_AGGRESSIVE;
				CLANG_CXX_LANGUAGE_STANDARD = "gnu++14";
				CLANG_CXX_LIBRARY = "libc++";
				CLANG_ENABLE_MODULES = YES;
				CLANG_ENABLE_OBJC_ARC = YES;
				CLANG_WARN_BLOCK_CAPTURE_AUTORELEASING = YES;
				CLANG_WARN_BOOL_CONVERSION = YES;
				CLANG_WARN_COMMA = YES;
				CLANG_WARN_CONSTANT_CONVERSION = YES;
				CLANG_WARN_DIRECT_OBJC_ISA_USAGE = YES_ERROR;
				CLANG_WARN_DOCUMENTATION_COMMENTS = YES;
				CLANG_WARN_EMPTY_BODY = YES;
				CLANG_WARN_ENUM_CONVERSION = YES;
				CLANG_WARN_INFINITE_RECURSION = YES;
				CLANG_WARN_INT_CONVERSION = YES;
				CLANG_WARN_NON_LITERAL_NULL_CONVERSION = YES;
				CLANG_WARN_OBJC_LITERAL_CONVERSION = YES;
				CLANG_WARN_OBJC_ROOT_CLASS = YES_ERROR;
				CLANG_WARN_RANGE_LOOP_ANALYSIS = YES;
				CLANG_WARN_STRICT_PROTOTYPES = YES;
				CLANG_WARN_SUSPICIOUS_MOVE = YES;
				CLANG_WARN_UNGUARDED_AVAILABILITY = YES_AGGRESSIVE;
				CLANG_WARN_UNREACHABLE_CODE = YES;
				CLANG_WARN__DUPLICATE_METHOD_MATCH = YES;
				CODE_SIGN_IDENTITY = "iPhone Developer";
				COPY_PHASE_STRIP = NO;
				DEBUG_INFORMATION_FORMAT = dwarf;
				ENABLE_STRICT_OBJC_MSGSEND = YES;
				ENABLE_TESTABILITY = YES;
				GCC_C_LANGUAGE_STANDARD = gnu11;
				GCC_DYNAMIC_NO_PIC = NO;
				GCC_NO_COMMON_BLOCKS = YES;
				GCC_OPTIMIZATION_LEVEL = 0;
				GCC_PREPROCESSOR_DEFINITIONS = (
					"DEBUG=1",
					"$(inherited)",
				);
				GCC_WARN_64_TO_32_BIT_CONVERSION = YES;
				GCC_WARN_ABOUT_RETURN_TYPE = YES_ERROR;
				GCC_WARN_UNDECLARED_SELECTOR = YES;
				GCC_WARN_UNINITIALIZED_AUTOS = YES_AGGRESSIVE;
				GCC_WARN_UNUSED_FUNCTION = YES;
				GCC_WARN_UNUSED_VARIABLE = YES;
				IPHONEOS_DEPLOYMENT_TARGET = 11.0;
				MTL_ENABLE_DEBUG_INFO = YES;
				ONLY_ACTIVE_ARCH = YES;
				SDKROOT = iphoneos;
				SWIFT_ACTIVE_COMPILATION_CONDITIONS = DEBUG;
				SWIFT_OPTIMIZATION_LEVEL = "-Onone";
			};
			name = Debug;
		};
		54056A761FCF030800CD81BE /* Release */ = {
			isa = XCBuildConfiguration;
			buildSettings = {
				ALWAYS_SEARCH_USER_PATHS = NO;
				CLANG_ANALYZER_NONNULL = YES;
				CLANG_ANALYZER_NUMBER_OBJECT_CONVERSION = YES_AGGRESSIVE;
				CLANG_CXX_LANGUAGE_STANDARD = "gnu++14";
				CLANG_CXX_LIBRARY = "libc++";
				CLANG_ENABLE_MODULES = YES;
				CLANG_ENABLE_OBJC_ARC = YES;
				CLANG_WARN_BLOCK_CAPTURE_AUTORELEASING = YES;
				CLANG_WARN_BOOL_CONVERSION = YES;
				CLANG_WARN_COMMA = YES;
				CLANG_WARN_CONSTANT_CONVERSION = YES;
				CLANG_WARN_DIRECT_OBJC_ISA_USAGE = YES_ERROR;
				CLANG_WARN_DOCUMENTATION_COMMENTS = YES;
				CLANG_WARN_EMPTY_BODY = YES;
				CLANG_WARN_ENUM_CONVERSION = YES;
				CLANG_WARN_INFINITE_RECURSION = YES;
				CLANG_WARN_INT_CONVERSION = YES;
				CLANG_WARN_NON_LITERAL_NULL_CONVERSION = YES;
				CLANG_WARN_OBJC_LITERAL_CONVERSION = YES;
				CLANG_WARN_OBJC_ROOT_CLASS = YES_ERROR;
				CLANG_WARN_RANGE_LOOP_ANALYSIS = YES;
				CLANG_WARN_STRICT_PROTOTYPES = YES;
				CLANG_WARN_SUSPICIOUS_MOVE = YES;
				CLANG_WARN_UNGUARDED_AVAILABILITY = YES_AGGRESSIVE;
				CLANG_WARN_UNREACHABLE_CODE = YES;
				CLANG_WARN__DUPLICATE_METHOD_MATCH = YES;
				CODE_SIGN_IDENTITY = "iPhone Developer";
				COPY_PHASE_STRIP = NO;
				DEBUG_INFORMATION_FORMAT = "dwarf-with-dsym";
				ENABLE_NS_ASSERTIONS = NO;
				ENABLE_STRICT_OBJC_MSGSEND = YES;
				GCC_C_LANGUAGE_STANDARD = gnu11;
				GCC_NO_COMMON_BLOCKS = YES;
				GCC_WARN_64_TO_32_BIT_CONVERSION = YES;
				GCC_WARN_ABOUT_RETURN_TYPE = YES_ERROR;
				GCC_WARN_UNDECLARED_SELECTOR = YES;
				GCC_WARN_UNINITIALIZED_AUTOS = YES_AGGRESSIVE;
				GCC_WARN_UNUSED_FUNCTION = YES;
				GCC_WARN_UNUSED_VARIABLE = YES;
				IPHONEOS_DEPLOYMENT_TARGET = 11.0;
				MTL_ENABLE_DEBUG_INFO = NO;
				SDKROOT = iphoneos;
				SWIFT_OPTIMIZATION_LEVEL = "-Owholemodule";
				VALIDATE_PRODUCT = YES;
			};
			name = Release;
		};
		54056A781FCF030800CD81BE /* Debug */ = {
			isa = XCBuildConfiguration;
			buildSettings = {
				ASSETCATALOG_COMPILER_APPICON_NAME = AppIcon;
				CODE_SIGN_STYLE = Automatic;
				INFOPLIST_FILE = "AC-iOS-EpisodesFromOnline-HW/Info.plist";
				LD_RUNPATH_SEARCH_PATHS = "$(inherited) @executable_path/Frameworks";
				PRODUCT_BUNDLE_IDENTIFIER = "c4q.AC-iOS-EpisodesFromOnline-HW";
				PRODUCT_NAME = "$(TARGET_NAME)";
				SWIFT_VERSION = 4.0;
				TARGETED_DEVICE_FAMILY = "1,2";
			};
			name = Debug;
		};
		54056A791FCF030800CD81BE /* Release */ = {
			isa = XCBuildConfiguration;
			buildSettings = {
				ASSETCATALOG_COMPILER_APPICON_NAME = AppIcon;
				CODE_SIGN_STYLE = Automatic;
				INFOPLIST_FILE = "AC-iOS-EpisodesFromOnline-HW/Info.plist";
				LD_RUNPATH_SEARCH_PATHS = "$(inherited) @executable_path/Frameworks";
				PRODUCT_BUNDLE_IDENTIFIER = "c4q.AC-iOS-EpisodesFromOnline-HW";
				PRODUCT_NAME = "$(TARGET_NAME)";
				SWIFT_VERSION = 4.0;
				TARGETED_DEVICE_FAMILY = "1,2";
			};
			name = Release;
		};
/* End XCBuildConfiguration section */

/* Begin XCConfigurationList section */
		54056A601FCF030800CD81BE /* Build configuration list for PBXProject "AC-iOS-EpisodesFromOnline-HW" */ = {
			isa = XCConfigurationList;
			buildConfigurations = (
				54056A751FCF030800CD81BE /* Debug */,
				54056A761FCF030800CD81BE /* Release */,
			);
			defaultConfigurationIsVisible = 0;
			defaultConfigurationName = Release;
		};
		54056A771FCF030800CD81BE /* Build configuration list for PBXNativeTarget "AC-iOS-EpisodesFromOnline-HW" */ = {
			isa = XCConfigurationList;
			buildConfigurations = (
				54056A781FCF030800CD81BE /* Debug */,
				54056A791FCF030800CD81BE /* Release */,
			);
			defaultConfigurationIsVisible = 0;
			defaultConfigurationName = Release;
		};
/* End XCConfigurationList section */
	};
	rootObject = 54056A5D1FCF030800CD81BE /* Project object */;
}
